{
  "version": "3",
  "packages": {
    "specifiers": {
      "npm:@dimforge/rapier3d@0.11.2": "npm:@dimforge/rapier3d@0.11.2",
      "npm:three": "npm:three@0.160.0",
      "npm:three@0.160.0": "npm:three@0.160.0"
    },
    "npm": {
      "@dimforge/rapier3d@0.11.2": {
        "integrity": "sha512-B+AKkPmtJxED3goMTGU8v0ju8hUAUQGLgghzCos4G4OeN9X+mJ5lfN2xtNA0n8tJRJk2YfsMk9BOj/6AN89Acg==",
        "dependencies": {}
      },
      "three@0.160.0": {
        "integrity": "sha512-DLU8lc0zNIPkM7rH5/e1Ks1Z8tWCGRq6g8mPowdDJpw1CFBJMU7UoJjC6PefXW7z//SSl0b2+GCw14LB+uDhng==",
        "dependencies": {}
      }
    }
  },
  "remote": {}
}
